
Microsoft Visual Studio Solution File, Format Version 12.00
# Visual Studio Version 17
VisualStudioVersion = 17.8.34330.188
MinimumVisualStudioVersion = 10.0.40219.1
Project("{FAE04EC0-301F-11D3-BF4B-00C04F79EFBC}") = "WebMVC", "WebMVC\WebMVC.csproj", "{010BFF12-8665-4BE8-92A3-BB6B17D8942B}"
EndProject
Project("{FAE04EC0-301F-11D3-BF4B-00C04F79EFBC}") = "WebAPI", "WebAPI\WebAPI.csproj", "{002F3334-A804-457D-8BE6-C1FC07D2B5A7}"
EndProject
Project("{FAE04EC0-301F-11D3-BF4B-00C04F79EFBC}") = "WCFServiceHost", "WCFServiceHost\WCFServiceHost\WCFServiceHost.csproj", "{F6DF68A8-B9FE-48FF-98D8-28D3729E8AFD}"
EndProject
Project("{FAE04EC0-301F-11D3-BF4B-00C04F79EFBC}") = "WebForm", "WebForm\WebForm.csproj", "{4F79E031-FFAF-429B-B91B-87F075FA4FEA}"
EndProject
Global
	GlobalSection(SolutionConfigurationPlatforms) = preSolution
		Debug|Any CPU = Debug|Any CPU
		Release|Any CPU = Release|Any CPU
	EndGlobalSection
	GlobalSection(ProjectConfigurationPlatforms) = postSolution
		{010BFF12-8665-4BE8-92A3-BB6B17D8942B}.Debug|Any CPU.ActiveCfg = Debug|Any CPU
		{010BFF12-8665-4BE8-92A3-BB6B17D8942B}.Debug|Any CPU.Build.0 = Debug|Any CPU
		{010BFF12-8665-4BE8-92A3-BB6B17D8942B}.Release|Any CPU.ActiveCfg = Release|Any CPU
		{010BFF12-8665-4BE8-92A3-BB6B17D8942B}.Release|Any CPU.Build.0 = Release|Any CPU
		{002F3334-A804-457D-8BE6-C1FC07D2B5A7}.Debug|Any CPU.ActiveCfg = Debug|Any CPU
		{002F3334-A804-457D-8BE6-C1FC07D2B5A7}.Debug|Any CPU.Build.0 = Debug|Any CPU
		{002F3334-A804-457D-8BE6-C1FC07D2B5A7}.Release|Any CPU.ActiveCfg = Release|Any CPU
		{002F3334-A804-457D-8BE6-C1FC07D2B5A7}.Release|Any CPU.Build.0 = Release|Any CPU
		{F6DF68A8-B9FE-48FF-98D8-28D3729E8AFD}.Debug|Any CPU.ActiveCfg = Debug|Any CPU
		{F6DF68A8-B9FE-48FF-98D8-28D3729E8AFD}.Debug|Any CPU.Build.0 = Debug|Any CPU
		{F6DF68A8-B9FE-48FF-98D8-28D3729E8AFD}.Release|Any CPU.ActiveCfg = Release|Any CPU
		{F6DF68A8-B9FE-48FF-98D8-28D3729E8AFD}.Release|Any CPU.Build.0 = Release|Any CPU
		{4F79E031-FFAF-429B-B91B-87F075FA4FEA}.Debug|Any CPU.ActiveCfg = Debug|Any CPU
		{4F79E031-FFAF-429B-B91B-87F075FA4FEA}.Debug|Any CPU.Build.0 = Debug|Any CPU
		{4F79E031-FFAF-429B-B91B-87F075FA4FEA}.Release|Any CPU.ActiveCfg = Release|Any CPU
		{4F79E031-FFAF-429B-B91B-87F075FA4FEA}.Release|Any CPU.Build.0 = Release|Any CPU
	EndGlobalSection
	GlobalSection(SolutionProperties) = preSolution
		HideSolutionNode = FALSE
	EndGlobalSection
	GlobalSection(ExtensibilityGlobals) = postSolution
		SolutionGuid = {C9E01389-BBA0-447E-9825-A2384B05C7BE}
	EndGlobalSection
EndGlobal
